
Microsoft Visual Studio Solution File, Format Version 12.00
# Visual Studio Version 17
VisualStudioVersion = 17.12.35527.113
MinimumVisualStudioVersion = 10.0.40219.1
Project("{FAE04EC0-301F-11D3-BF4B-00C04F79EFBC}") = "StudentApi", "StudentApi.csproj", "{A7449F45-9FF9-47AD-B236-4D3D1DA204DF}"
EndProject
Project("{FAE04EC0-301F-11D3-BF4B-00C04F79EFBC}") = "StudentAPIBusinessLayer", "..\StudentAPIBusinessLayer\StudentAPIBusinessLayer.csproj", "{245888E8-4B00-4643-91B3-70742221B841}"
EndProject
Project("{FAE04EC0-301F-11D3-BF4B-00C04F79EFBC}") = "StudentDataAccessLayer", "..\StudentDataAccessLayer\StudentDataAccessLayer.csproj", "{D86F0D0D-7F3B-41F5-A76A-6C40C351072E}"
EndProject
Global
	GlobalSection(SolutionConfigurationPlatforms) = preSolution
		Debug|Any CPU = Debug|Any CPU
		Release|Any CPU = Release|Any CPU
	EndGlobalSection
	GlobalSection(ProjectConfigurationPlatforms) = postSolution
		{A7449F45-9FF9-47AD-B236-4D3D1DA204DF}.Debug|Any CPU.ActiveCfg = Debug|Any CPU
		{A7449F45-9FF9-47AD-B236-4D3D1DA204DF}.Debug|Any CPU.Build.0 = Debug|Any CPU
		{A7449F45-9FF9-47AD-B236-4D3D1DA204DF}.Release|Any CPU.ActiveCfg = Release|Any CPU
		{A7449F45-9FF9-47AD-B236-4D3D1DA204DF}.Release|Any CPU.Build.0 = Release|Any CPU
		{245888E8-4B00-4643-91B3-70742221B841}.Debug|Any CPU.ActiveCfg = Debug|Any CPU
		{245888E8-4B00-4643-91B3-70742221B841}.Debug|Any CPU.Build.0 = Debug|Any CPU
		{245888E8-4B00-4643-91B3-70742221B841}.Release|Any CPU.ActiveCfg = Release|Any CPU
		{245888E8-4B00-4643-91B3-70742221B841}.Release|Any CPU.Build.0 = Release|Any CPU
		{D86F0D0D-7F3B-41F5-A76A-6C40C351072E}.Debug|Any CPU.ActiveCfg = Debug|Any CPU
		{D86F0D0D-7F3B-41F5-A76A-6C40C351072E}.Debug|Any CPU.Build.0 = Debug|Any CPU
		{D86F0D0D-7F3B-41F5-A76A-6C40C351072E}.Release|Any CPU.ActiveCfg = Release|Any CPU
		{D86F0D0D-7F3B-41F5-A76A-6C40C351072E}.Release|Any CPU.Build.0 = Release|Any CPU
	EndGlobalSection
	GlobalSection(SolutionProperties) = preSolution
		HideSolutionNode = FALSE
	EndGlobalSection
EndGlobal
